
Microsoft Visual Studio Solution File, Format Version 12.00
# Visual Studio 15
VisualStudioVersion = 15.0.26430.16
MinimumVisualStudioVersion = 10.0.40219.1
Project("{9A19103F-16F7-4668-BE54-9A1E7A4F7556}") = "WebPixSeguranca", "WebPixSeguranca\WebPixSeguranca.csproj", "{418809EE-8665-4640-B376-5817024E2792}"
EndProject
Project("{2150E333-8FDC-42A3-9474-1A3956D46DE8}") = "API", "API", "{FF52BAB7-0F46-4D8A-AF10-B6A3FFD3BA44}"
EndProject
Project("{2150E333-8FDC-42A3-9474-1A3956D46DE8}") = "BLL", "BLL", "{7AFFB3B1-16AF-4E6F-94C6-29235B692BB7}"
EndProject
Project("{2150E333-8FDC-42A3-9474-1A3956D46DE8}") = "Repository", "Repository", "{24DC63BC-D70D-422E-8358-12371FB938A2}"
EndProject
Project("{2150E333-8FDC-42A3-9474-1A3956D46DE8}") = "Entity", "Entity", "{AB04D14C-F5B8-47B4-A750-1B78AC28D963}"
EndProject
Project("{9A19103F-16F7-4668-BE54-9A1E7A4F7556}") = "Entity", "Entity\Entity.csproj", "{3E3EBC23-299D-4D88-8876-9116170612D9}"
EndProject
Project("{9A19103F-16F7-4668-BE54-9A1E7A4F7556}") = "SegurancaBO", "BO\SegurancaBO.csproj", "{B05128A5-7904-418F-B2BE-EB195B030D98}"
EndProject
Project("{9A19103F-16F7-4668-BE54-9A1E7A4F7556}") = "Repository", "Repository\Repository.csproj", "{FA0CF597-5C8B-4248-A85C-7EA92C98C54C}"
EndProject
Project("{2150E333-8FDC-42A3-9474-1A3956D46DE8}") = "BO", "BO", "{7BE84B78-2E82-433A-955D-3D0E34B06F6C}"
EndProject
Global
	GlobalSection(SolutionConfigurationPlatforms) = preSolution
		Debug|Any CPU = Debug|Any CPU
		Release|Any CPU = Release|Any CPU
	EndGlobalSection
	GlobalSection(ProjectConfigurationPlatforms) = postSolution
		{418809EE-8665-4640-B376-5817024E2792}.Debug|Any CPU.ActiveCfg = Debug|Any CPU
		{418809EE-8665-4640-B376-5817024E2792}.Debug|Any CPU.Build.0 = Debug|Any CPU
		{418809EE-8665-4640-B376-5817024E2792}.Release|Any CPU.ActiveCfg = Release|Any CPU
		{418809EE-8665-4640-B376-5817024E2792}.Release|Any CPU.Build.0 = Release|Any CPU
		{3E3EBC23-299D-4D88-8876-9116170612D9}.Debug|Any CPU.ActiveCfg = Debug|Any CPU
		{3E3EBC23-299D-4D88-8876-9116170612D9}.Debug|Any CPU.Build.0 = Debug|Any CPU
		{3E3EBC23-299D-4D88-8876-9116170612D9}.Release|Any CPU.ActiveCfg = Release|Any CPU
		{3E3EBC23-299D-4D88-8876-9116170612D9}.Release|Any CPU.Build.0 = Release|Any CPU
		{B05128A5-7904-418F-B2BE-EB195B030D98}.Debug|Any CPU.ActiveCfg = Debug|Any CPU
		{B05128A5-7904-418F-B2BE-EB195B030D98}.Debug|Any CPU.Build.0 = Debug|Any CPU
		{B05128A5-7904-418F-B2BE-EB195B030D98}.Release|Any CPU.ActiveCfg = Release|Any CPU
		{B05128A5-7904-418F-B2BE-EB195B030D98}.Release|Any CPU.Build.0 = Release|Any CPU
		{FA0CF597-5C8B-4248-A85C-7EA92C98C54C}.Debug|Any CPU.ActiveCfg = Debug|Any CPU
		{FA0CF597-5C8B-4248-A85C-7EA92C98C54C}.Debug|Any CPU.Build.0 = Debug|Any CPU
		{FA0CF597-5C8B-4248-A85C-7EA92C98C54C}.Release|Any CPU.ActiveCfg = Release|Any CPU
		{FA0CF597-5C8B-4248-A85C-7EA92C98C54C}.Release|Any CPU.Build.0 = Release|Any CPU
	EndGlobalSection
	GlobalSection(SolutionProperties) = preSolution
		HideSolutionNode = FALSE
	EndGlobalSection
	GlobalSection(NestedProjects) = preSolution
		{418809EE-8665-4640-B376-5817024E2792} = {FF52BAB7-0F46-4D8A-AF10-B6A3FFD3BA44}
		{7AFFB3B1-16AF-4E6F-94C6-29235B692BB7} = {7BE84B78-2E82-433A-955D-3D0E34B06F6C}
		{24DC63BC-D70D-422E-8358-12371FB938A2} = {7BE84B78-2E82-433A-955D-3D0E34B06F6C}
		{AB04D14C-F5B8-47B4-A750-1B78AC28D963} = {7BE84B78-2E82-433A-955D-3D0E34B06F6C}
		{3E3EBC23-299D-4D88-8876-9116170612D9} = {AB04D14C-F5B8-47B4-A750-1B78AC28D963}
		{B05128A5-7904-418F-B2BE-EB195B030D98} = {7AFFB3B1-16AF-4E6F-94C6-29235B692BB7}
		{FA0CF597-5C8B-4248-A85C-7EA92C98C54C} = {24DC63BC-D70D-422E-8358-12371FB938A2}
	EndGlobalSection
EndGlobal
