
Microsoft Visual Studio Solution File, Format Version 12.00
# Visual Studio Version 16
VisualStudioVersion = 16.0.29709.97
MinimumVisualStudioVersion = 10.0.40219.1
Project("{FAE04EC0-301F-11D3-BF4B-00C04F79EFBC}") = "SitePadrao", "SaudeComVc_Home\SitePadrao.csproj", "{C2D14B49-7397-4202-A14B-7250071E4E00}"
EndProject
Global
	GlobalSection(SolutionConfigurationPlatforms) = preSolution
		Debug|Any CPU = Debug|Any CPU
		Release|Any CPU = Release|Any CPU
	EndGlobalSection
	GlobalSection(ProjectConfigurationPlatforms) = postSolution
		{C2D14B49-7397-4202-A14B-7250071E4E00}.Debug|Any CPU.ActiveCfg = Debug|Any CPU
		{C2D14B49-7397-4202-A14B-7250071E4E00}.Debug|Any CPU.Build.0 = Debug|Any CPU
		{C2D14B49-7397-4202-A14B-7250071E4E00}.Release|Any CPU.ActiveCfg = Release|Any CPU
		{C2D14B49-7397-4202-A14B-7250071E4E00}.Release|Any CPU.Build.0 = Release|Any CPU
	EndGlobalSection
	GlobalSection(SolutionProperties) = preSolution
		HideSolutionNode = FALSE
	EndGlobalSection
	GlobalSection(ExtensibilityGlobals) = postSolution
		SolutionGuid = {152C5CC7-80B1-4787-BDEE-B4CCBA59395C}
	EndGlobalSection
EndGlobal
