
Microsoft Visual Studio Solution File, Format Version 12.00
# Visual Studio 15
VisualStudioVersion = 15.0.26730.16
MinimumVisualStudioVersion = 10.0.40219.1
Project("{2150E333-8FDC-42A3-9474-1A3956D46DE8}") = "API", "API", "{5DA87673-606E-43AB-9DA9-2382603C7C23}"
EndProject
Project("{2150E333-8FDC-42A3-9474-1A3956D46DE8}") = "Project", "Project", "{3516CF16-8FF7-4CDD-B1DD-629E6B51B0D6}"
EndProject
Project("{2150E333-8FDC-42A3-9474-1A3956D46DE8}") = "Domain", "Domain", "{92232FE7-8CB9-4874-AA99-59A586FA99F4}"
EndProject
Project("{2150E333-8FDC-42A3-9474-1A3956D46DE8}") = "Entity", "Entity", "{8A6C9742-ACFD-413A-99E8-FA4B1CE638EF}"
EndProject
Project("{2150E333-8FDC-42A3-9474-1A3956D46DE8}") = "Repository", "Repository", "{37318E42-39E8-4C68-9C50-0799307F679B}"
EndProject
Project("{2150E333-8FDC-42A3-9474-1A3956D46DE8}") = "Service", "Service", "{D6E71E36-CD35-4577-B5B9-2D45408A6603}"
EndProject
Project("{9A19103F-16F7-4668-BE54-9A1E7A4F7556}") = "wpEntity", "wpEntity\wpEntity.csproj", "{34D3341E-444B-4E34-9267-04527E88FAF3}"
EndProject
Project("{9A19103F-16F7-4668-BE54-9A1E7A4F7556}") = "wpContextEntrega", "wpContextEntrega\wpContextEntrega.csproj", "{C6B442E9-8A2F-450B-ABB8-E5F82C539C5F}"
EndProject
Project("{9A19103F-16F7-4668-BE54-9A1E7A4F7556}") = "wpService", "wpService\wpService.csproj", "{8944D184-D6A1-4F5C-8675-E9AD4783A9AC}"
EndProject
Project("{9A19103F-16F7-4668-BE54-9A1E7A4F7556}") = "DomainBusiness", "DomainBusiness\DomainBusiness.csproj", "{CEF8D01E-BB76-41BE-A790-5771E51A4CDB}"
EndProject
Project("{9A19103F-16F7-4668-BE54-9A1E7A4F7556}") = "Presentation", "Presentation\Presentation.csproj", "{2B4DEE05-6632-4080-8B36-8D057AD01487}"
EndProject
Project("{2150E333-8FDC-42A3-9474-1A3956D46DE8}") = "Infrastructure", "Infrastructure", "{75D8473E-50C7-4E66-B481-CD1274A2F69D}"
EndProject
Project("{FAE04EC0-301F-11D3-BF4B-00C04F79EFBC}") = "WpInfrastructure", "InfrastructureWp\WpInfrastructure.csproj", "{2AA67457-1A57-49C0-8AE1-F3DD8D9DC71C}"
EndProject
Global
	GlobalSection(SolutionConfigurationPlatforms) = preSolution
		Debug|Any CPU = Debug|Any CPU
		Release|Any CPU = Release|Any CPU
	EndGlobalSection
	GlobalSection(ProjectConfigurationPlatforms) = postSolution
		{34D3341E-444B-4E34-9267-04527E88FAF3}.Debug|Any CPU.ActiveCfg = Debug|Any CPU
		{34D3341E-444B-4E34-9267-04527E88FAF3}.Debug|Any CPU.Build.0 = Debug|Any CPU
		{34D3341E-444B-4E34-9267-04527E88FAF3}.Release|Any CPU.ActiveCfg = Release|Any CPU
		{34D3341E-444B-4E34-9267-04527E88FAF3}.Release|Any CPU.Build.0 = Release|Any CPU
		{C6B442E9-8A2F-450B-ABB8-E5F82C539C5F}.Debug|Any CPU.ActiveCfg = Debug|Any CPU
		{C6B442E9-8A2F-450B-ABB8-E5F82C539C5F}.Debug|Any CPU.Build.0 = Debug|Any CPU
		{C6B442E9-8A2F-450B-ABB8-E5F82C539C5F}.Release|Any CPU.ActiveCfg = Release|Any CPU
		{C6B442E9-8A2F-450B-ABB8-E5F82C539C5F}.Release|Any CPU.Build.0 = Release|Any CPU
		{8944D184-D6A1-4F5C-8675-E9AD4783A9AC}.Debug|Any CPU.ActiveCfg = Debug|Any CPU
		{8944D184-D6A1-4F5C-8675-E9AD4783A9AC}.Debug|Any CPU.Build.0 = Debug|Any CPU
		{8944D184-D6A1-4F5C-8675-E9AD4783A9AC}.Release|Any CPU.ActiveCfg = Release|Any CPU
		{8944D184-D6A1-4F5C-8675-E9AD4783A9AC}.Release|Any CPU.Build.0 = Release|Any CPU
		{CEF8D01E-BB76-41BE-A790-5771E51A4CDB}.Debug|Any CPU.ActiveCfg = Debug|Any CPU
		{CEF8D01E-BB76-41BE-A790-5771E51A4CDB}.Debug|Any CPU.Build.0 = Debug|Any CPU
		{CEF8D01E-BB76-41BE-A790-5771E51A4CDB}.Release|Any CPU.ActiveCfg = Release|Any CPU
		{CEF8D01E-BB76-41BE-A790-5771E51A4CDB}.Release|Any CPU.Build.0 = Release|Any CPU
		{2B4DEE05-6632-4080-8B36-8D057AD01487}.Debug|Any CPU.ActiveCfg = Debug|Any CPU
		{2B4DEE05-6632-4080-8B36-8D057AD01487}.Debug|Any CPU.Build.0 = Debug|Any CPU
		{2B4DEE05-6632-4080-8B36-8D057AD01487}.Release|Any CPU.ActiveCfg = Release|Any CPU
		{2B4DEE05-6632-4080-8B36-8D057AD01487}.Release|Any CPU.Build.0 = Release|Any CPU
		{2AA67457-1A57-49C0-8AE1-F3DD8D9DC71C}.Debug|Any CPU.ActiveCfg = Debug|Any CPU
		{2AA67457-1A57-49C0-8AE1-F3DD8D9DC71C}.Debug|Any CPU.Build.0 = Debug|Any CPU
		{2AA67457-1A57-49C0-8AE1-F3DD8D9DC71C}.Release|Any CPU.ActiveCfg = Release|Any CPU
		{2AA67457-1A57-49C0-8AE1-F3DD8D9DC71C}.Release|Any CPU.Build.0 = Release|Any CPU
	EndGlobalSection
	GlobalSection(SolutionProperties) = preSolution
		HideSolutionNode = FALSE
	EndGlobalSection
	GlobalSection(NestedProjects) = preSolution
		{92232FE7-8CB9-4874-AA99-59A586FA99F4} = {3516CF16-8FF7-4CDD-B1DD-629E6B51B0D6}
		{8A6C9742-ACFD-413A-99E8-FA4B1CE638EF} = {3516CF16-8FF7-4CDD-B1DD-629E6B51B0D6}
		{37318E42-39E8-4C68-9C50-0799307F679B} = {3516CF16-8FF7-4CDD-B1DD-629E6B51B0D6}
		{D6E71E36-CD35-4577-B5B9-2D45408A6603} = {3516CF16-8FF7-4CDD-B1DD-629E6B51B0D6}
		{34D3341E-444B-4E34-9267-04527E88FAF3} = {8A6C9742-ACFD-413A-99E8-FA4B1CE638EF}
		{C6B442E9-8A2F-450B-ABB8-E5F82C539C5F} = {37318E42-39E8-4C68-9C50-0799307F679B}
		{8944D184-D6A1-4F5C-8675-E9AD4783A9AC} = {D6E71E36-CD35-4577-B5B9-2D45408A6603}
		{CEF8D01E-BB76-41BE-A790-5771E51A4CDB} = {92232FE7-8CB9-4874-AA99-59A586FA99F4}
		{2B4DEE05-6632-4080-8B36-8D057AD01487} = {5DA87673-606E-43AB-9DA9-2382603C7C23}
		{75D8473E-50C7-4E66-B481-CD1274A2F69D} = {3516CF16-8FF7-4CDD-B1DD-629E6B51B0D6}
		{2AA67457-1A57-49C0-8AE1-F3DD8D9DC71C} = {75D8473E-50C7-4E66-B481-CD1274A2F69D}
	EndGlobalSection
	GlobalSection(ExtensibilityGlobals) = postSolution
		SolutionGuid = {D43CB53D-D364-40D6-BAE1-611BC5BF501A}
	EndGlobalSection
EndGlobal
